# This file is automatically @generated by Wally.
# It is not intended for manual editing.
registry = "test"

[[package]]
name = "aglan/s2-weapon-system"
version = "0.1.0"
dependencies = [["Charm", "littensy/charm@0.10.0"], ["CharmSync", "littensy/charm-sync@0.3.0"], ["Promise", "evaera/promise@4.0.0"]]

[[package]]
name = "evaera/promise"
version = "4.0.0"
dependencies = []

[[package]]
name = "littensy/charm"
version = "0.10.0"
dependencies = []

[[package]]
name = "littensy/charm-sync"
version = "0.3.0"
dependencies = [["charm", "littensy/charm@0.10.0"]]
